
Microsoft Visual Studio Solution File, Format Version 12.00
# Visual Studio 15
VisualStudioVersion = 15.0.26730.16
MinimumVisualStudioVersion = 10.0.40219.1
Project("{FAE04EC0-301F-11D3-BF4B-00C04F79EFBC}") = "Stack", "Stack\Stack.csproj", "{5A8CCE2F-1D3F-4DDF-B72D-A422EBADB6FD}"
EndProject
Project("{FAE04EC0-301F-11D3-BF4B-00C04F79EFBC}") = "Stack.UnitTest", "Stack.UnitTest\Stack.UnitTest.csproj", "{119B8338-264F-4340-8ECB-5234F70BB91E}"
EndProject
Project("{FAE04EC0-301F-11D3-BF4B-00C04F79EFBC}") = "RpnCalculator", "RpnCalculator\RpnCalculator.csproj", "{1B61E409-E74C-480E-9CD5-AF613A085B7E}"
EndProject
Project("{FAE04EC0-301F-11D3-BF4B-00C04F79EFBC}") = "RpnCalculator.UnitTest", "RpnCalculator.UnitTest\RpnCalculator.UnitTest.csproj", "{B1FEB6FF-4C52-40F3-98FB-C6EE5008C211}"
EndProject
Project("{FAE04EC0-301F-11D3-BF4B-00C04F79EFBC}") = "RpnCalculatorMainProject", "RpnCalculatorMainProject\RpnCalculatorMainProject.csproj", "{CE1F005E-9E00-4484-BB51-71A112E56BBA}"
EndProject
Global
	GlobalSection(SolutionConfigurationPlatforms) = preSolution
		Debug|Any CPU = Debug|Any CPU
		Release|Any CPU = Release|Any CPU
	EndGlobalSection
	GlobalSection(ProjectConfigurationPlatforms) = postSolution
		{5A8CCE2F-1D3F-4DDF-B72D-A422EBADB6FD}.Debug|Any CPU.ActiveCfg = Debug|Any CPU
		{5A8CCE2F-1D3F-4DDF-B72D-A422EBADB6FD}.Debug|Any CPU.Build.0 = Debug|Any CPU
		{5A8CCE2F-1D3F-4DDF-B72D-A422EBADB6FD}.Release|Any CPU.ActiveCfg = Release|Any CPU
		{5A8CCE2F-1D3F-4DDF-B72D-A422EBADB6FD}.Release|Any CPU.Build.0 = Release|Any CPU
		{119B8338-264F-4340-8ECB-5234F70BB91E}.Debug|Any CPU.ActiveCfg = Debug|Any CPU
		{119B8338-264F-4340-8ECB-5234F70BB91E}.Debug|Any CPU.Build.0 = Debug|Any CPU
		{119B8338-264F-4340-8ECB-5234F70BB91E}.Release|Any CPU.ActiveCfg = Release|Any CPU
		{119B8338-264F-4340-8ECB-5234F70BB91E}.Release|Any CPU.Build.0 = Release|Any CPU
		{1B61E409-E74C-480E-9CD5-AF613A085B7E}.Debug|Any CPU.ActiveCfg = Debug|Any CPU
		{1B61E409-E74C-480E-9CD5-AF613A085B7E}.Debug|Any CPU.Build.0 = Debug|Any CPU
		{1B61E409-E74C-480E-9CD5-AF613A085B7E}.Release|Any CPU.ActiveCfg = Release|Any CPU
		{1B61E409-E74C-480E-9CD5-AF613A085B7E}.Release|Any CPU.Build.0 = Release|Any CPU
		{B1FEB6FF-4C52-40F3-98FB-C6EE5008C211}.Debug|Any CPU.ActiveCfg = Debug|Any CPU
		{B1FEB6FF-4C52-40F3-98FB-C6EE5008C211}.Debug|Any CPU.Build.0 = Debug|Any CPU
		{B1FEB6FF-4C52-40F3-98FB-C6EE5008C211}.Release|Any CPU.ActiveCfg = Release|Any CPU
		{B1FEB6FF-4C52-40F3-98FB-C6EE5008C211}.Release|Any CPU.Build.0 = Release|Any CPU
		{CE1F005E-9E00-4484-BB51-71A112E56BBA}.Debug|Any CPU.ActiveCfg = Debug|Any CPU
		{CE1F005E-9E00-4484-BB51-71A112E56BBA}.Debug|Any CPU.Build.0 = Debug|Any CPU
		{CE1F005E-9E00-4484-BB51-71A112E56BBA}.Release|Any CPU.ActiveCfg = Release|Any CPU
		{CE1F005E-9E00-4484-BB51-71A112E56BBA}.Release|Any CPU.Build.0 = Release|Any CPU
	EndGlobalSection
	GlobalSection(SolutionProperties) = preSolution
		HideSolutionNode = FALSE
	EndGlobalSection
	GlobalSection(ExtensibilityGlobals) = postSolution
		SolutionGuid = {543BD0F9-38C4-4829-8FB9-DF532D6C0832}
	EndGlobalSection
EndGlobal
